
Microsoft Visual Studio Solution File, Format Version 12.00
# Visual Studio 15
VisualStudioVersion = 15.0.28010.2050
MinimumVisualStudioVersion = 10.0.40219.1
Project("{FAE04EC0-301F-11D3-BF4B-00C04F79EFBC}") = "SQLite C Sharp", "SQLite C Sharp\SQLite C Sharp.csproj", "{A9CADEAD-10BE-4192-AA23-1FFCCBE76376}"
EndProject
Project("{FAE04EC0-301F-11D3-BF4B-00C04F79EFBC}") = "Mk2", "Mk2\Mk2.csproj", "{2EDA714A-FCF1-4693-A5BC-7C49ED06B8DA}"
EndProject
Global
	GlobalSection(SolutionConfigurationPlatforms) = preSolution
		Debug|Any CPU = Debug|Any CPU
		Release|Any CPU = Release|Any CPU
	EndGlobalSection
	GlobalSection(ProjectConfigurationPlatforms) = postSolution
		{A9CADEAD-10BE-4192-AA23-1FFCCBE76376}.Debug|Any CPU.ActiveCfg = Debug|Any CPU
		{A9CADEAD-10BE-4192-AA23-1FFCCBE76376}.Debug|Any CPU.Build.0 = Debug|Any CPU
		{A9CADEAD-10BE-4192-AA23-1FFCCBE76376}.Release|Any CPU.ActiveCfg = Release|Any CPU
		{A9CADEAD-10BE-4192-AA23-1FFCCBE76376}.Release|Any CPU.Build.0 = Release|Any CPU
		{2EDA714A-FCF1-4693-A5BC-7C49ED06B8DA}.Debug|Any CPU.ActiveCfg = Debug|Any CPU
		{2EDA714A-FCF1-4693-A5BC-7C49ED06B8DA}.Debug|Any CPU.Build.0 = Debug|Any CPU
		{2EDA714A-FCF1-4693-A5BC-7C49ED06B8DA}.Release|Any CPU.ActiveCfg = Release|Any CPU
		{2EDA714A-FCF1-4693-A5BC-7C49ED06B8DA}.Release|Any CPU.Build.0 = Release|Any CPU
	EndGlobalSection
	GlobalSection(SolutionProperties) = preSolution
		HideSolutionNode = FALSE
	EndGlobalSection
	GlobalSection(ExtensibilityGlobals) = postSolution
		SolutionGuid = {8D91D1F6-5300-4537-90B9-C505E2CDF08B}
	EndGlobalSection
EndGlobal
